
Microsoft Visual Studio Solution File, Format Version 12.00
# Visual Studio 14
VisualStudioVersion = 14.0.23107.0
MinimumVisualStudioVersion = 10.0.40219.1
Project("{8BB2217D-0F2D-49D1-97BC-3654ED321F3B}") = "LearnWordsFast", "src\LearnWordsFast\LearnWordsFast.xproj", "{82CBD49A-A87E-4F38-B563-3A5A9FA93FE9}"
EndProject
Project("{8BB2217D-0F2D-49D1-97BC-3654ED321F3B}") = "LearnWordsFast.Test", "test\LearnWordsFast.Test\LearnWordsFast.Test.xproj", "{28ADC947-F06E-4C80-96E3-944E53A7F2AE}"
EndProject
Project("{2150E333-8FDC-42A3-9474-1A3956D46DE8}") = "Solution Items", "Solution Items", "{3C125997-E2EA-4ED5-93C8-E38AACBC5010}"
	ProjectSection(SolutionItems) = preProject
		global.json = global.json
	EndProjectSection
EndProject
Global
	GlobalSection(SolutionConfigurationPlatforms) = preSolution
		Debug|Any CPU = Debug|Any CPU
		Release|Any CPU = Release|Any CPU
	EndGlobalSection
	GlobalSection(ProjectConfigurationPlatforms) = postSolution
		{82CBD49A-A87E-4F38-B563-3A5A9FA93FE9}.Debug|Any CPU.ActiveCfg = Debug|Any CPU
		{82CBD49A-A87E-4F38-B563-3A5A9FA93FE9}.Debug|Any CPU.Build.0 = Debug|Any CPU
		{82CBD49A-A87E-4F38-B563-3A5A9FA93FE9}.Release|Any CPU.ActiveCfg = Release|Any CPU
		{82CBD49A-A87E-4F38-B563-3A5A9FA93FE9}.Release|Any CPU.Build.0 = Release|Any CPU
		{28ADC947-F06E-4C80-96E3-944E53A7F2AE}.Debug|Any CPU.ActiveCfg = Debug|Any CPU
		{28ADC947-F06E-4C80-96E3-944E53A7F2AE}.Debug|Any CPU.Build.0 = Debug|Any CPU
		{28ADC947-F06E-4C80-96E3-944E53A7F2AE}.Release|Any CPU.ActiveCfg = Release|Any CPU
		{28ADC947-F06E-4C80-96E3-944E53A7F2AE}.Release|Any CPU.Build.0 = Release|Any CPU
	EndGlobalSection
	GlobalSection(SolutionProperties) = preSolution
		HideSolutionNode = FALSE
	EndGlobalSection
EndGlobal
